
Microsoft Visual Studio Solution File, Format Version 12.00
Project("{FAE04EC0-301F-11D3-BF4B-00C04F79EFBC}") = "Person", "Person\Person.csproj", "{AC6E53D3-38D4-4C2B-A2A0-9EFC5A072428}"
EndProject
Global
	GlobalSection(SolutionConfigurationPlatforms) = preSolution
		Debug|Any CPU = Debug|Any CPU
		Release|Any CPU = Release|Any CPU
	EndGlobalSection
	GlobalSection(ProjectConfigurationPlatforms) = postSolution
		{AC6E53D3-38D4-4C2B-A2A0-9EFC5A072428}.Debug|Any CPU.ActiveCfg = Debug|Any CPU
		{AC6E53D3-38D4-4C2B-A2A0-9EFC5A072428}.Debug|Any CPU.Build.0 = Debug|Any CPU
		{AC6E53D3-38D4-4C2B-A2A0-9EFC5A072428}.Release|Any CPU.ActiveCfg = Release|Any CPU
		{AC6E53D3-38D4-4C2B-A2A0-9EFC5A072428}.Release|Any CPU.Build.0 = Release|Any CPU
	EndGlobalSection
EndGlobal
